Microsoft Visual Studio Solution File, Format Version 12.00
# Visual Studio 2012
Project("{FAE04EC0-301F-11D3-BF4B-00C04F79EFBC}") = "Backlog Express", "Backlog Express.csproj", "{D080DF04-F2BD-41C7-9691-3F31F6018F3E}"
EndProject
Global
	GlobalSection(SolutionConfigurationPlatforms) = preSolution
	Debug|Any CPU = Debug|Any CPU
	ExportDebug|Any CPU = ExportDebug|Any CPU
	ExportRelease|Any CPU = ExportRelease|Any CPU
	EndGlobalSection
	GlobalSection(ProjectConfigurationPlatforms) = postSolution
		{D080DF04-F2BD-41C7-9691-3F31F6018F3E}.Debug|Any CPU.ActiveCfg = Debug|Any CPU
		{D080DF04-F2BD-41C7-9691-3F31F6018F3E}.Debug|Any CPU.Build.0 = Debug|Any CPU
		{D080DF04-F2BD-41C7-9691-3F31F6018F3E}.ExportDebug|Any CPU.ActiveCfg = ExportDebug|Any CPU
		{D080DF04-F2BD-41C7-9691-3F31F6018F3E}.ExportDebug|Any CPU.Build.0 = ExportDebug|Any CPU
		{D080DF04-F2BD-41C7-9691-3F31F6018F3E}.ExportRelease|Any CPU.ActiveCfg = ExportRelease|Any CPU
		{D080DF04-F2BD-41C7-9691-3F31F6018F3E}.ExportRelease|Any CPU.Build.0 = ExportRelease|Any CPU
	EndGlobalSection
EndGlobal
